
Microsoft Visual Studio Solution File, Format Version 12.00
# Visual Studio 15
VisualStudioVersion = 15.0.27130.2024
MinimumVisualStudioVersion = 10.0.40219.1
Project("{FAE04EC0-301F-11D3-BF4B-00C04F79EFBC}") = "MediatRMiddlewareTest", "MediatRMiddlewareTest\MediatRMiddlewareTest.csproj", "{FEBEADF7-293A-450F-9802-93508BDAEFFB}"
EndProject
Global
	GlobalSection(SolutionConfigurationPlatforms) = preSolution
		Debug|Any CPU = Debug|Any CPU
		Release|Any CPU = Release|Any CPU
	EndGlobalSection
	GlobalSection(ProjectConfigurationPlatforms) = postSolution
		{FEBEADF7-293A-450F-9802-93508BDAEFFB}.Debug|Any CPU.ActiveCfg = Debug|Any CPU
		{FEBEADF7-293A-450F-9802-93508BDAEFFB}.Debug|Any CPU.Build.0 = Debug|Any CPU
		{FEBEADF7-293A-450F-9802-93508BDAEFFB}.Release|Any CPU.ActiveCfg = Release|Any CPU
		{FEBEADF7-293A-450F-9802-93508BDAEFFB}.Release|Any CPU.Build.0 = Release|Any CPU
	EndGlobalSection
	GlobalSection(SolutionProperties) = preSolution
		HideSolutionNode = FALSE
	EndGlobalSection
	GlobalSection(ExtensibilityGlobals) = postSolution
		SolutionGuid = {6C1F22EA-45E7-436A-9F39-C7FA237CF5BB}
	EndGlobalSection
EndGlobal
